// !$*UTF8*$!
{
	archiveVersion = 1;
	classes = {
	};
	objectVersion = 46;
	objects = {

/* Begin PBXBuildFile section */
		9715F6DE1DBA887C003BBA5B /* AppDelegate.swift in Sources */ = {isa = PBXBuildFile; fileRef = 9715F6DD1DBA887C003BBA5B /* AppDelegate.swift */; };
		9715F6E01DBA887C003BBA5B /* ViewController.swift in Sources */ = {isa = PBXBuildFile; fileRef = 9715F6DF1DBA887C003BBA5B /* ViewController.swift */; };
		9715F6E31DBA887C003BBA5B /* Main.storyboard in Resources */ = {isa = PBXBuildFile; fileRef = 9715F6E11DBA887C003BBA5B /* Main.storyboard */; };
		9715F6E61DBA887C003BBA5B /* _Segment.xcdatamodeld in Sources */ = {isa = PBXBuildFile; fileRef = 9715F6E41DBA887C003BBA5B /* _Segment.xcdatamodeld */; };
		9715F6E81DBA887C003BBA5B /* Assets.xcassets in Resources */ = {isa = PBXBuildFile; fileRef = 9715F6E71DBA887C003BBA5B /* Assets.xcassets */; };
		9715F6EB1DBA887C003BBA5B /* LaunchScreen.storyboard in Resources */ = {isa = PBXBuildFile; fileRef = 9715F6E91DBA887C003BBA5B /* LaunchScreen.storyboard */; };
		9715F6F61DBA887C003BBA5B /* _SegmentTests.swift in Sources */ = {isa = PBXBuildFile; fileRef = 9715F6F51DBA887C003BBA5B /* _SegmentTests.swift */; };
		9715F7011DBA887C003BBA5B /* _SegmentUITests.swift in Sources */ = {isa = PBXBuildFile; fileRef = 9715F7001DBA887C003BBA5B /* _SegmentUITests.swift */; };
		9715F7121DBAE7DE003BBA5B /* SGSegmentView.swift in Sources */ = {isa = PBXBuildFile; fileRef = 9715F7111DBAE7DE003BBA5B /* SGSegmentView.swift */; };
		978FFE9F1DBD447C00E1F547 /* SGSegmentViewController.swift in Sources */ = {isa = PBXBuildFile; fileRef = 978FFE9D1DBD447C00E1F547 /* SGSegmentViewController.swift */; };
		978FFEA01DBD447C00E1F547 /* SGSegmentViewController.xib in Resources */ = {isa = PBXBuildFile; fileRef = 978FFE9E1DBD447C00E1F547 /* SGSegmentViewController.xib */; };
		978FFEA61DC15DAE00E1F547 /* SGSevenSegmentViewController.swift in Sources */ = {isa = PBXBuildFile; fileRef = 978FFEA41DC15DAE00E1F547 /* SGSevenSegmentViewController.swift */; };
		978FFEA71DC15DAE00E1F547 /* SGSevenSegmentViewController.xib in Resources */ = {isa = PBXBuildFile; fileRef = 978FFEA51DC15DAE00E1F547 /* SGSevenSegmentViewController.xib */; };
		978FFEA91DC161E600E1F547 /* SGSegmentLogic.swift in Sources */ = {isa = PBXBuildFile; fileRef = 978FFEA81DC161E600E1F547 /* SGSegmentLogic.swift */; };
/* End PBXBuildFile section */

/* Begin PBXContainerItemProxy section */
		9715F6F21DBA887C003BBA5B /* PBXContainerItemProxy */ = {
			isa = PBXContainerItemProxy;
			containerPortal = 9715F6D21DBA887C003BBA5B /* Project object */;
			proxyType = 1;
			remoteGlobalIDString = 9715F6D91DBA887C003BBA5B;
			remoteInfo = 7Segment;
		};
		9715F6FD1DBA887C003BBA5B /* PBXContainerItemProxy */ = {
			isa = PBXContainerItemProxy;
			containerPortal = 9715F6D21DBA887C003BBA5B /* Project object */;
			proxyType = 1;
			remoteGlobalIDString = 9715F6D91DBA887C003BBA5B;
			remoteInfo = 7Segment;
		};
/* End PBXContainerItemProxy section */

/* Begin PBXFileReference section */
		9715F6DA1DBA887C003BBA5B /* 7Segment.app */ = {isa = PBXFileReference; explicitFileType = wrapper.application; includeInIndex = 0; path = 7Segment.app; sourceTree = BUILT_PRODUCTS_DIR; };
		9715F6DD1DBA887C003BBA5B /* AppDelegate.swift */ = {isa = PBXFileReference; lastKnownFileType = sourcecode.swift; path = AppDelegate.swift; sourceTree = "<group>"; };
		9715F6DF1DBA887C003BBA5B /* ViewController.swift */ = {isa = PBXFileReference; lastKnownFileType = sourcecode.swift; path = ViewController.swift; sourceTree = "<group>"; };
		9715F6E21DBA887C003BBA5B /* Base */ = {isa = PBXFileReference; lastKnownFileType = file.storyboard; name = Base; path = Base.lproj/Main.storyboard; sourceTree = "<group>"; };
		9715F6E51DBA887C003BBA5B /* _Segment.xcdatamodel */ = {isa = PBXFileReference; lastKnownFileType = wrapper.xcdatamodel; path = _Segment.xcdatamodel; sourceTree = "<group>"; };
		9715F6E71DBA887C003BBA5B /* Assets.xcassets */ = {isa = PBXFileReference; lastKnownFileType = folder.assetcatalog; path = Assets.xcassets; sourceTree = "<group>"; };
		9715F6EA1DBA887C003BBA5B /* Base */ = {isa = PBXFileReference; lastKnownFileType = file.storyboard; name = Base; path = Base.lproj/LaunchScreen.storyboard; sourceTree = "<group>"; };
		9715F6EC1DBA887C003BBA5B /* Info.plist */ = {isa = PBXFileReference; lastKnownFileType = text.plist.xml; path = Info.plist; sourceTree = "<group>"; };
		9715F6F11DBA887C003BBA5B /* 7SegmentTests.xctest */ = {isa = PBXFileReference; explicitFileType = wrapper.cfbundle; includeInIndex = 0; path = 7SegmentTests.xctest; sourceTree = BUILT_PRODUCTS_DIR; };
		9715F6F51DBA887C003BBA5B /* _SegmentTests.swift */ = {isa = PBXFileReference; lastKnownFileType = sourcecode.swift; path = _SegmentTests.swift; sourceTree = "<group>"; };
		9715F6F71DBA887C003BBA5B /* Info.plist */ = {isa = PBXFileReference; lastKnownFileType = text.plist.xml; path = Info.plist; sourceTree = "<group>"; };
		9715F6FC1DBA887C003BBA5B /* 7SegmentUITests.xctest */ = {isa = PBXFileReference; explicitFileType = wrapper.cfbundle; includeInIndex = 0; path = 7SegmentUITests.xctest; sourceTree = BUILT_PRODUCTS_DIR; };
		9715F7001DBA887C003BBA5B /* _SegmentUITests.swift */ = {isa = PBXFileReference; lastKnownFileType = sourcecode.swift; path = _SegmentUITests.swift; sourceTree = "<group>"; };
		9715F7021DBA887C003BBA5B /* Info.plist */ = {isa = PBXFileReference; lastKnownFileType = text.plist.xml; path = Info.plist; sourceTree = "<group>"; };
		9715F70E1DBA97B7003BBA5B /* 7Segment.playground */ = {isa = PBXFileReference; lastKnownFileType = file.playground; path = 7Segment.playground; sourceTree = "<group>"; };
		9715F7111DBAE7DE003BBA5B /* SGSegmentView.swift */ = {isa = PBXFileReference; fileEncoding = 4; lastKnownFileType = sourcecode.swift; path = SGSegmentView.swift; sourceTree = "<group>"; };
		978FFE9D1DBD447C00E1F547 /* SGSegmentViewController.swift */ = {isa = PBXFileReference; fileEncoding = 4; lastKnownFileType = sourcecode.swift; path = SGSegmentViewController.swift; sourceTree = "<group>"; };
		978FFE9E1DBD447C00E1F547 /* SGSegmentViewController.xib */ = {isa = PBXFileReference; fileEncoding = 4; lastKnownFileType = file.xib; path = SGSegmentViewController.xib; sourceTree = "<group>"; };
		978FFEA41DC15DAE00E1F547 /* SGSevenSegmentViewController.swift */ = {isa = PBXFileReference; fileEncoding = 4; lastKnownFileType = sourcecode.swift; path = SGSevenSegmentViewController.swift; sourceTree = "<group>"; };
		978FFEA51DC15DAE00E1F547 /* SGSevenSegmentViewController.xib */ = {isa = PBXFileReference; fileEncoding = 4; lastKnownFileType = file.xib; path = SGSevenSegmentViewController.xib; sourceTree = "<group>"; };
		978FFEA81DC161E600E1F547 /* SGSegmentLogic.swift */ = {isa = PBXFileReference; fileEncoding = 4; lastKnownFileType = sourcecode.swift; path = SGSegmentLogic.swift; sourceTree = "<group>"; };
/* End PBXFileReference section */

/* Begin PBXFrameworksBuildPhase section */
		9715F6D71DBA887C003BBA5B /* Frameworks */ = {
			isa = PBXFrameworksBuildPhase;
			buildActionMask = 2147483647;
			files = (
			);
			runOnlyForDeploymentPostprocessing = 0;
		};
		9715F6EE1DBA887C003BBA5B /* Frameworks */ = {
			isa = PBXFrameworksBuildPhase;
			buildActionMask = 2147483647;
			files = (
			);
			runOnlyForDeploymentPostprocessing = 0;
		};
		9715F6F91DBA887C003BBA5B /* Frameworks */ = {
			isa = PBXFrameworksBuildPhase;
			buildActionMask = 2147483647;
			files = (
			);
			runOnlyForDeploymentPostprocessing = 0;
		};
/* End PBXFrameworksBuildPhase section */

/* Begin PBXGroup section */
		9715F6D11DBA887C003BBA5B = {
			isa = PBXGroup;
			children = (
				9715F6DC1DBA887C003BBA5B /* 7Segment */,
				9715F6F41DBA887C003BBA5B /* 7SegmentTests */,
				9715F6FF1DBA887C003BBA5B /* 7SegmentUITests */,
				9715F6DB1DBA887C003BBA5B /* Products */,
			);
			sourceTree = "<group>";
		};
		9715F6DB1DBA887C003BBA5B /* Products */ = {
			isa = PBXGroup;
			children = (
				9715F6DA1DBA887C003BBA5B /* 7Segment.app */,
				9715F6F11DBA887C003BBA5B /* 7SegmentTests.xctest */,
				9715F6FC1DBA887C003BBA5B /* 7SegmentUITests.xctest */,
			);
			name = Products;
			sourceTree = "<group>";
		};
		9715F6DC1DBA887C003BBA5B /* 7Segment */ = {
			isa = PBXGroup;
			children = (
				9715F6DD1DBA887C003BBA5B /* AppDelegate.swift */,
				9715F7111DBAE7DE003BBA5B /* SGSegmentView.swift */,
				978FFEA41DC15DAE00E1F547 /* SGSevenSegmentViewController.swift */,
				978FFEA51DC15DAE00E1F547 /* SGSevenSegmentViewController.xib */,
				978FFE9D1DBD447C00E1F547 /* SGSegmentViewController.swift */,
				978FFE9E1DBD447C00E1F547 /* SGSegmentViewController.xib */,
				978FFEA81DC161E600E1F547 /* SGSegmentLogic.swift */,
				9715F6DF1DBA887C003BBA5B /* ViewController.swift */,
				9715F70E1DBA97B7003BBA5B /* 7Segment.playground */,
				9715F6E11DBA887C003BBA5B /* Main.storyboard */,
				9715F6E71DBA887C003BBA5B /* Assets.xcassets */,
				9715F6E91DBA887C003BBA5B /* LaunchScreen.storyboard */,
				9715F6EC1DBA887C003BBA5B /* Info.plist */,
				9715F6E41DBA887C003BBA5B /* _Segment.xcdatamodeld */,
			);
			path = 7Segment;
			sourceTree = "<group>";
		};
		9715F6F41DBA887C003BBA5B /* 7SegmentTests */ = {
			isa = PBXGroup;
			children = (
				9715F6F51DBA887C003BBA5B /* _SegmentTests.swift */,
				9715F6F71DBA887C003BBA5B /* Info.plist */,
			);
			path = 7SegmentTests;
			sourceTree = "<group>";
		};
		9715F6FF1DBA887C003BBA5B /* 7SegmentUITests */ = {
			isa = PBXGroup;
			children = (
				9715F7001DBA887C003BBA5B /* _SegmentUITests.swift */,
				9715F7021DBA887C003BBA5B /* Info.plist */,
			);
			path = 7SegmentUITests;
			sourceTree = "<group>";
		};
/* End PBXGroup section */

/* Begin PBXNativeTarget section */
		9715F6D91DBA887C003BBA5B /* 7Segment */ = {
			isa = PBXNativeTarget;
			buildConfigurationList = 9715F7051DBA887C003BBA5B /* Build configuration list for PBXNativeTarget "7Segment" */;
			buildPhases = (
				9715F6D61DBA887C003BBA5B /* Sources */,
				9715F6D71DBA887C003BBA5B /* Frameworks */,
				9715F6D81DBA887C003BBA5B /* Resources */,
			);
			buildRules = (
			);
			dependencies = (
			);
			name = 7Segment;
			productName = 7Segment;
			productReference = 9715F6DA1DBA887C003BBA5B /* 7Segment.app */;
			productType = "com.apple.product-type.application";
		};
		9715F6F01DBA887C003BBA5B /* 7SegmentTests */ = {
			isa = PBXNativeTarget;
			buildConfigurationList = 9715F7081DBA887C003BBA5B /* Build configuration list for PBXNativeTarget "7SegmentTests" */;
			buildPhases = (
				9715F6ED1DBA887C003BBA5B /* Sources */,
				9715F6EE1DBA887C003BBA5B /* Frameworks */,
				9715F6EF1DBA887C003BBA5B /* Resources */,
			);
			buildRules = (
			);
			dependencies = (
				9715F6F31DBA887C003BBA5B /* PBXTargetDependency */,
			);
			name = 7SegmentTests;
			productName = 7SegmentTests;
			productReference = 9715F6F11DBA887C003BBA5B /* 7SegmentTests.xctest */;
			productType = "com.apple.product-type.bundle.unit-test";
		};
		9715F6FB1DBA887C003BBA5B /* 7SegmentUITests */ = {
			isa = PBXNativeTarget;
			buildConfigurationList = 9715F70B1DBA887C003BBA5B /* Build configuration list for PBXNativeTarget "7SegmentUITests" */;
			buildPhases = (
				9715F6F81DBA887C003BBA5B /* Sources */,
				9715F6F91DBA887C003BBA5B /* Frameworks */,
				9715F6FA1DBA887C003BBA5B /* Resources */,
			);
			buildRules = (
			);
			dependencies = (
				9715F6FE1DBA887C003BBA5B /* PBXTargetDependency */,
			);
			name = 7SegmentUITests;
			productName = 7SegmentUITests;
			productReference = 9715F6FC1DBA887C003BBA5B /* 7SegmentUITests.xctest */;
			productType = "com.apple.product-type.bundle.ui-testing";
		};
/* End PBXNativeTarget section */

/* Begin PBXProject section */
		9715F6D21DBA887C003BBA5B /* Project object */ = {
			isa = PBXProject;
			attributes = {
				LastSwiftUpdateCheck = 0800;
				LastUpgradeCheck = 0800;
				ORGANIZATIONNAME = RCPD;
				TargetAttributes = {
					9715F6D91DBA887C003BBA5B = {
						CreatedOnToolsVersion = 8.0;
						DevelopmentTeam = 9D3QH8QLRP;
						ProvisioningStyle = Automatic;
					};
					9715F6F01DBA887C003BBA5B = {
						CreatedOnToolsVersion = 8.0;
						DevelopmentTeam = 9D3QH8QLRP;
						ProvisioningStyle = Automatic;
						TestTargetID = 9715F6D91DBA887C003BBA5B;
					};
					9715F6FB1DBA887C003BBA5B = {
						CreatedOnToolsVersion = 8.0;
						DevelopmentTeam = 9D3QH8QLRP;
						ProvisioningStyle = Automatic;
						TestTargetID = 9715F6D91DBA887C003BBA5B;
					};
				};
			};
			buildConfigurationList = 9715F6D51DBA887C003BBA5B /* Build configuration list for PBXProject "7Segment" */;
			compatibilityVersion = "Xcode 3.2";
			developmentRegion = English;
			hasScannedForEncodings = 0;
			knownRegions = (
				en,
				Base,
			);
			mainGroup = 9715F6D11DBA887C003BBA5B;
			productRefGroup = 9715F6DB1DBA887C003BBA5B /* Products */;
			projectDirPath = "";
			projectRoot = "";
			targets = (
				9715F6D91DBA887C003BBA5B /* 7Segment */,
				9715F6F01DBA887C003BBA5B /* 7SegmentTests */,
				9715F6FB1DBA887C003BBA5B /* 7SegmentUITests */,
			);
		};
/* End PBXProject section */

/* Begin PBXResourcesBuildPhase section */
		9715F6D81DBA887C003BBA5B /* Resources */ = {
			isa = PBXResourcesBuildPhase;
			buildActionMask = 2147483647;
			files = (
				978FFEA71DC15DAE00E1F547 /* SGSevenSegmentViewController.xib in Resources */,
				978FFEA01DBD447C00E1F547 /* SGSegmentViewController.xib in Resources */,
				9715F6EB1DBA887C003BBA5B /* LaunchScreen.storyboard in Resources */,
				9715F6E81DBA887C003BBA5B /* Assets.xcassets in Resources */,
				9715F6E31DBA887C003BBA5B /* Main.storyboard in Resources */,
			);
			runOnlyForDeploymentPostprocessing = 0;
		};
		9715F6EF1DBA887C003BBA5B /* Resources */ = {
			isa = PBXResourcesBuildPhase;
			buildActionMask = 2147483647;
			files = (
			);
			runOnlyForDeploymentPostprocessing = 0;
		};
		9715F6FA1DBA887C003BBA5B /* Resources */ = {
			isa = PBXResourcesBuildPhase;
			buildActionMask = 2147483647;
			files = (
			);
			runOnlyForDeploymentPostprocessing = 0;
		};
/* End PBXResourcesBuildPhase section */

/* Begin PBXSourcesBuildPhase section */
		9715F6D61DBA887C003BBA5B /* Sources */ = {
			isa = PBXSourcesBuildPhase;
			buildActionMask = 2147483647;
			files = (
				978FFE9F1DBD447C00E1F547 /* SGSegmentViewController.swift in Sources */,
				9715F7121DBAE7DE003BBA5B /* SGSegmentView.swift in Sources */,
				978FFEA91DC161E600E1F547 /* SGSegmentLogic.swift in Sources */,
				978FFEA61DC15DAE00E1F547 /* SGSevenSegmentViewController.swift in Sources */,
				9715F6E01DBA887C003BBA5B /* ViewController.swift in Sources */,
				9715F6DE1DBA887C003BBA5B /* AppDelegate.swift in Sources */,
				9715F6E61DBA887C003BBA5B /* _Segment.xcdatamodeld in Sources */,
			);
			runOnlyForDeploymentPostprocessing = 0;
		};
		9715F6ED1DBA887C003BBA5B /* Sources */ = {
			isa = PBXSourcesBuildPhase;
			buildActionMask = 2147483647;
			files = (
				9715F6F61DBA887C003BBA5B /* _SegmentTests.swift in Sources */,
			);
			runOnlyForDeploymentPostprocessing = 0;
		};
		9715F6F81DBA887C003BBA5B /* Sources */ = {
			isa = PBXSourcesBuildPhase;
			buildActionMask = 2147483647;
			files = (
				9715F7011DBA887C003BBA5B /* _SegmentUITests.swift in Sources */,
			);
			runOnlyForDeploymentPostprocessing = 0;
		};
/* End PBXSourcesBuildPhase section */

/* Begin PBXTargetDependency section */
		9715F6F31DBA887C003BBA5B /* PBXTargetDependency */ = {
			isa = PBXTargetDependency;
			target = 9715F6D91DBA887C003BBA5B /* 7Segment */;
			targetProxy = 9715F6F21DBA887C003BBA5B /* PBXContainerItemProxy */;
		};
		9715F6FE1DBA887C003BBA5B /* PBXTargetDependency */ = {
			isa = PBXTargetDependency;
			target = 9715F6D91DBA887C003BBA5B /* 7Segment */;
			targetProxy = 9715F6FD1DBA887C003BBA5B /* PBXContainerItemProxy */;
		};
/* End PBXTargetDependency section */

/* Begin PBXVariantGroup section */
		9715F6E11DBA887C003BBA5B /* Main.storyboard */ = {
			isa = PBXVariantGroup;
			children = (
				9715F6E21DBA887C003BBA5B /* Base */,
			);
			name = Main.storyboard;
			sourceTree = "<group>";
		};
		9715F6E91DBA887C003BBA5B /* LaunchScreen.storyboard */ = {
			isa = PBXVariantGroup;
			children = (
				9715F6EA1DBA887C003BBA5B /* Base */,
			);
			name = LaunchScreen.storyboard;
			sourceTree = "<group>";
		};
/* End PBXVariantGroup section */

/* Begin XCBuildConfiguration section */
		9715F7031DBA887C003BBA5B /* Debug */ = {
			isa = XCBuildConfiguration;
			buildSettings = {
				ALWAYS_SEARCH_USER_PATHS = NO;
				CLANG_ANALYZER_NONNULL = YES;
				CLANG_CXX_LANGUAGE_STANDARD = "gnu++0x";
				CLANG_CXX_LIBRARY = "libc++";
				CLANG_ENABLE_MODULES = YES;
				CLANG_ENABLE_OBJC_ARC = YES;
				CLANG_WARN_BOOL_CONVERSION = YES;
				CLANG_WARN_CONSTANT_CONVERSION = YES;
				CLANG_WARN_DIRECT_OBJC_ISA_USAGE = YES_ERROR;
				CLANG_WARN_DOCUMENTATION_COMMENTS = YES;
				CLANG_WARN_EMPTY_BODY = YES;
				CLANG_WARN_ENUM_CONVERSION = YES;
				CLANG_WARN_INFINITE_RECURSION = YES;
				CLANG_WARN_INT_CONVERSION = YES;
				CLANG_WARN_OBJC_ROOT_CLASS = YES_ERROR;
				CLANG_WARN_SUSPICIOUS_MOVES = YES;
				CLANG_WARN_UNREACHABLE_CODE = YES;
				CLANG_WARN__DUPLICATE_METHOD_MATCH = YES;
				"CODE_SIGN_IDENTITY[sdk=iphoneos*]" = "iPhone Developer";
				COPY_PHASE_STRIP = NO;
				DEBUG_INFORMATION_FORMAT = dwarf;
				ENABLE_STRICT_OBJC_MSGSEND = YES;
				ENABLE_TESTABILITY = YES;
				GCC_C_LANGUAGE_STANDARD = gnu99;
				GCC_DYNAMIC_NO_PIC = NO;
				GCC_NO_COMMON_BLOCKS = YES;
				GCC_OPTIMIZATION_LEVEL = 0;
				GCC_PREPROCESSOR_DEFINITIONS = (
					"DEBUG=1",
					"$(inherited)",
				);
				GCC_WARN_64_TO_32_BIT_CONVERSION = YES;
				GCC_WARN_ABOUT_RETURN_TYPE = YES_ERROR;
				GCC_WARN_UNDECLARED_SELECTOR = YES;
				GCC_WARN_UNINITIALIZED_AUTOS = YES_AGGRESSIVE;
				GCC_WARN_UNUSED_FUNCTION = YES;
				GCC_WARN_UNUSED_VARIABLE = YES;
				IPHONEOS_DEPLOYMENT_TARGET = 10.0;
				MTL_ENABLE_DEBUG_INFO = YES;
				ONLY_ACTIVE_ARCH = YES;
				SDKROOT = iphoneos;
				SWIFT_ACTIVE_COMPILATION_CONDITIONS = DEBUG;
				SWIFT_OPTIMIZATION_LEVEL = "-Onone";
				TARGETED_DEVICE_FAMILY = "1,2";
			};
			name = Debug;
		};
		9715F7041DBA887C003BBA5B /* Release */ = {
			isa = XCBuildConfiguration;
			buildSettings = {
				ALWAYS_SEARCH_USER_PATHS = NO;
				CLANG_ANALYZER_NONNULL = YES;
				CLANG_CXX_LANGUAGE_STANDARD = "gnu++0x";
				CLANG_CXX_LIBRARY = "libc++";
				CLANG_ENABLE_MODULES = YES;
				CLANG_ENABLE_OBJC_ARC = YES;
				CLANG_WARN_BOOL_CONVERSION = YES;
				CLANG_WARN_CONSTANT_CONVERSION = YES;
				CLANG_WARN_DIRECT_OBJC_ISA_USAGE = YES_ERROR;
				CLANG_WARN_DOCUMENTATION_COMMENTS = YES;
				CLANG_WARN_EMPTY_BODY = YES;
				CLANG_WARN_ENUM_CONVERSION = YES;
				CLANG_WARN_INFINITE_RECURSION = YES;
				CLANG_WARN_INT_CONVERSION = YES;
				CLANG_WARN_OBJC_ROOT_CLASS = YES_ERROR;
				CLANG_WARN_SUSPICIOUS_MOVES = YES;
				CLANG_WARN_UNREACHABLE_CODE = YES;
				CLANG_WARN__DUPLICATE_METHOD_MATCH = YES;
				"CODE_SIGN_IDENTITY[sdk=iphoneos*]" = "iPhone Developer";
				COPY_PHASE_STRIP = NO;
				DEBUG_INFORMATION_FORMAT = "dwarf-with-dsym";
				ENABLE_NS_ASSERTIONS = NO;
				ENABLE_STRICT_OBJC_MSGSEND = YES;
				GCC_C_LANGUAGE_STANDARD = gnu99;
				GCC_NO_COMMON_BLOCKS = YES;
				GCC_WARN_64_TO_32_BIT_CONVERSION = YES;
				GCC_WARN_ABOUT_RETURN_TYPE = YES_ERROR;
				GCC_WARN_UNDECLARED_SELECTOR = YES;
				GCC_WARN_UNINITIALIZED_AUTOS = YES_AGGRESSIVE;
				GCC_WARN_UNUSED_FUNCTION = YES;
				GCC_WARN_UNUSED_VARIABLE = YES;
				IPHONEOS_DEPLOYMENT_TARGET = 10.0;
				MTL_ENABLE_DEBUG_INFO = NO;
				SDKROOT = iphoneos;
				SWIFT_OPTIMIZATION_LEVEL = "-Owholemodule";
				TARGETED_DEVICE_FAMILY = "1,2";
				VALIDATE_PRODUCT = YES;
			};
			name = Release;
		};
		9715F7061DBA887C003BBA5B /* Debug */ = {
			isa = XCBuildConfiguration;
			buildSettings = {
				ASSETCATALOG_COMPILER_APPICON_NAME = AppIcon;
				DEVELOPMENT_TEAM = 9D3QH8QLRP;
				INFOPLIST_FILE = 7Segment/Info.plist;
				LD_RUNPATH_SEARCH_PATHS = "$(inherited) @executable_path/Frameworks";
				PRODUCT_BUNDLE_IDENTIFIER = "edu.msu.rcpd.-Segment";
				PRODUCT_NAME = "$(TARGET_NAME)";
				SWIFT_VERSION = 3.0;
			};
			name = Debug;
		};
		9715F7071DBA887C003BBA5B /* Release */ = {
			isa = XCBuildConfiguration;
			buildSettings = {
				ASSETCATALOG_COMPILER_APPICON_NAME = AppIcon;
				DEVELOPMENT_TEAM = 9D3QH8QLRP;
				INFOPLIST_FILE = 7Segment/Info.plist;
				LD_RUNPATH_SEARCH_PATHS = "$(inherited) @executable_path/Frameworks";
				PRODUCT_BUNDLE_IDENTIFIER = "edu.msu.rcpd.-Segment";
				PRODUCT_NAME = "$(TARGET_NAME)";
				SWIFT_VERSION = 3.0;
			};
			name = Release;
		};
		9715F7091DBA887C003BBA5B /* Debug */ = {
			isa = XCBuildConfiguration;
			buildSettings = {
				ALWAYS_EMBED_SWIFT_STANDARD_LIBRARIES = YES;
				BUNDLE_LOADER = "$(TEST_HOST)";
				DEVELOPMENT_TEAM = 9D3QH8QLRP;
				INFOPLIST_FILE = 7SegmentTests/Info.plist;
				LD_RUNPATH_SEARCH_PATHS = "$(inherited) @executable_path/Frameworks @loader_path/Frameworks";
				PRODUCT_BUNDLE_IDENTIFIER = "edu.msu.rcpd.-SegmentTests";
				PRODUCT_NAME = "$(TARGET_NAME)";
				SWIFT_VERSION = 3.0;
				TEST_HOST = "$(BUILT_PRODUCTS_DIR)/7Segment.app/7Segment";
			};
			name = Debug;
		};
		9715F70A1DBA887C003BBA5B /* Release */ = {
			isa = XCBuildConfiguration;
			buildSettings = {
				ALWAYS_EMBED_SWIFT_STANDARD_LIBRARIES = YES;
				BUNDLE_LOADER = "$(TEST_HOST)";
				DEVELOPMENT_TEAM = 9D3QH8QLRP;
				INFOPLIST_FILE = 7SegmentTests/Info.plist;
				LD_RUNPATH_SEARCH_PATHS = "$(inherited) @executable_path/Frameworks @loader_path/Frameworks";
				PRODUCT_BUNDLE_IDENTIFIER = "edu.msu.rcpd.-SegmentTests";
				PRODUCT_NAME = "$(TARGET_NAME)";
				SWIFT_VERSION = 3.0;
				TEST_HOST = "$(BUILT_PRODUCTS_DIR)/7Segment.app/7Segment";
			};
			name = Release;
		};
		9715F70C1DBA887C003BBA5B /* Debug */ = {
			isa = XCBuildConfiguration;
			buildSettings = {
				ALWAYS_EMBED_SWIFT_STANDARD_LIBRARIES = YES;
				DEVELOPMENT_TEAM = 9D3QH8QLRP;
				INFOPLIST_FILE = 7SegmentUITests/Info.plist;
				LD_RUNPATH_SEARCH_PATHS = "$(inherited) @executable_path/Frameworks @loader_path/Frameworks";
				PRODUCT_BUNDLE_IDENTIFIER = "edu.msu.rcpd.-SegmentUITests";
				PRODUCT_NAME = "$(TARGET_NAME)";
				SWIFT_VERSION = 3.0;
				TEST_TARGET_NAME = 7Segment;
			};
			name = Debug;
		};
		9715F70D1DBA887C003BBA5B /* Release */ = {
			isa = XCBuildConfiguration;
			buildSettings = {
				ALWAYS_EMBED_SWIFT_STANDARD_LIBRARIES = YES;
				DEVELOPMENT_TEAM = 9D3QH8QLRP;
				INFOPLIST_FILE = 7SegmentUITests/Info.plist;
				LD_RUNPATH_SEARCH_PATHS = "$(inherited) @executable_path/Frameworks @loader_path/Frameworks";
				PRODUCT_BUNDLE_IDENTIFIER = "edu.msu.rcpd.-SegmentUITests";
				PRODUCT_NAME = "$(TARGET_NAME)";
				SWIFT_VERSION = 3.0;
				TEST_TARGET_NAME = 7Segment;
			};
			name = Release;
		};
/* End XCBuildConfiguration section */

/* Begin XCConfigurationList section */
		9715F6D51DBA887C003BBA5B /* Build configuration list for PBXProject "7Segment" */ = {
			isa = XCConfigurationList;
			buildConfigurations = (
				9715F7031DBA887C003BBA5B /* Debug */,
				9715F7041DBA887C003BBA5B /* Release */,
			);
			defaultConfigurationIsVisible = 0;
			defaultConfigurationName = Release;
		};
		9715F7051DBA887C003BBA5B /* Build configuration list for PBXNativeTarget "7Segment" */ = {
			isa = XCConfigurationList;
			buildConfigurations = (
				9715F7061DBA887C003BBA5B /* Debug */,
				9715F7071DBA887C003BBA5B /* Release */,
			);
			defaultConfigurationIsVisible = 0;
			defaultConfigurationName = Release;
		};
		9715F7081DBA887C003BBA5B /* Build configuration list for PBXNativeTarget "7SegmentTests" */ = {
			isa = XCConfigurationList;
			buildConfigurations = (
				9715F7091DBA887C003BBA5B /* Debug */,
				9715F70A1DBA887C003BBA5B /* Release */,
			);
			defaultConfigurationIsVisible = 0;
			defaultConfigurationName = Release;
		};
		9715F70B1DBA887C003BBA5B /* Build configuration list for PBXNativeTarget "7SegmentUITests" */ = {
			isa = XCConfigurationList;
			buildConfigurations = (
				9715F70C1DBA887C003BBA5B /* Debug */,
				9715F70D1DBA887C003BBA5B /* Release */,
			);
			defaultConfigurationIsVisible = 0;
			defaultConfigurationName = Release;
		};
/* End XCConfigurationList section */

/* Begin XCVersionGroup section */
		9715F6E41DBA887C003BBA5B /* _Segment.xcdatamodeld */ = {
			isa = XCVersionGroup;
			children = (
				9715F6E51DBA887C003BBA5B /* _Segment.xcdatamodel */,
			);
			currentVersion = 9715F6E51DBA887C003BBA5B /* _Segment.xcdatamodel */;
			path = _Segment.xcdatamodeld;
			sourceTree = "<group>";
			versionGroupType = wrapper.xcdatamodel;
		};
/* End XCVersionGroup section */
	};
	rootObject = 9715F6D21DBA887C003BBA5B /* Project object */;
}
